PODS:
  - Alamofire (4.8.2)
  - Kingfisher (5.4.0)
  - MBProgressHUD (1.1.0)
  - SnapKit (4.2.0)

DEPENDENCIES:
  - Alamofire (~> 4.8.2)
  - Kingfisher (~> 5.0)
  - MBProgressHUD (~> 1.1.0)
  - SnapKit (~> 4.0)

SPEC REPOS:
  https://github.com/cocoapods/specs.git:
    - Alamofire
    - Kingfisher
    - MBProgressHUD
    - SnapKit

SPEC CHECKSUMS:
  Alamofire: ae5c501addb7afdbb13687d7f2f722c78734c2d3
  Kingfisher: 9c8f2cc6710334e06f32ba2b45e77707d5e2f0c9
  MBProgressHUD: e7baa36a220447d8aeb12769bf0585582f3866d9
  SnapKit: fe8a619752f3f27075cc9a90244d75c6c3f27e2a

PODFILE CHECKSUM: d968047bdfef774e0f1a742745efdd7ad8671954

COCOAPODS: 1.6.1
